
Microsoft Visual Studio Solution File, Format Version 12.00
# Visual Studio Version 17
VisualStudioVersion = 17.5.33312.197
MinimumVisualStudioVersion = 10.0.40219.1
Project("{9A19103F-16F7-4668-BE54-9A1E7A4F7556}") = "Crawler", "Crawler\Crawler.csproj", "{7B76E3EA-E372-4201-A6B1-A89351ECB594}"
EndProject
Project("{2150E333-8FDC-42A3-9474-1A3956D46DE8}") = "Ex1", "Ex1", "{4DA8A727-AF1E-4EFA-80AD-28004D3E528D}"
EndProject
Project("{2150E333-8FDC-42A3-9474-1A3956D46DE8}") = "Ex2", "Ex2", "{52B71B2F-64E6-4DCC-93A5-947000C321FF}"
EndProject
Project("{9A19103F-16F7-4668-BE54-9A1E7A4F7556}") = "CsvConverter", "CsvConverter\CsvConverter.csproj", "{2AC91732-D1A6-4356-9187-6A5C91299DF7}"
EndProject
Project("{2150E333-8FDC-42A3-9474-1A3956D46DE8}") = "Ex3", "Ex3", "{8C689B1C-E237-407B-8C03-F407D61B3694}"
EndProject
Project("{FAE04EC0-301F-11D3-BF4B-00C04F79EFBC}") = "StudentVisor", "StudentVisor\StudentVisor.csproj", "{FC4ACEEE-CFCF-43AC-A056-F6F7197A424A}"
EndProject
Global
	GlobalSection(SolutionConfigurationPlatforms) = preSolution
		Debug|Any CPU = Debug|Any CPU
		Release|Any CPU = Release|Any CPU
	EndGlobalSection
	GlobalSection(ProjectConfigurationPlatforms) = postSolution
		{7B76E3EA-E372-4201-A6B1-A89351ECB594}.Debug|Any CPU.ActiveCfg = Debug|Any CPU
		{7B76E3EA-E372-4201-A6B1-A89351ECB594}.Debug|Any CPU.Build.0 = Debug|Any CPU
		{7B76E3EA-E372-4201-A6B1-A89351ECB594}.Release|Any CPU.ActiveCfg = Release|Any CPU
		{7B76E3EA-E372-4201-A6B1-A89351ECB594}.Release|Any CPU.Build.0 = Release|Any CPU
		{2AC91732-D1A6-4356-9187-6A5C91299DF7}.Debug|Any CPU.ActiveCfg = Debug|Any CPU
		{2AC91732-D1A6-4356-9187-6A5C91299DF7}.Debug|Any CPU.Build.0 = Debug|Any CPU
		{2AC91732-D1A6-4356-9187-6A5C91299DF7}.Release|Any CPU.ActiveCfg = Release|Any CPU
		{2AC91732-D1A6-4356-9187-6A5C91299DF7}.Release|Any CPU.Build.0 = Release|Any CPU
		{FC4ACEEE-CFCF-43AC-A056-F6F7197A424A}.Debug|Any CPU.ActiveCfg = Debug|Any CPU
		{FC4ACEEE-CFCF-43AC-A056-F6F7197A424A}.Debug|Any CPU.Build.0 = Debug|Any CPU
		{FC4ACEEE-CFCF-43AC-A056-F6F7197A424A}.Release|Any CPU.ActiveCfg = Release|Any CPU
		{FC4ACEEE-CFCF-43AC-A056-F6F7197A424A}.Release|Any CPU.Build.0 = Release|Any CPU
	EndGlobalSection
	GlobalSection(SolutionProperties) = preSolution
		HideSolutionNode = FALSE
	EndGlobalSection
	GlobalSection(NestedProjects) = preSolution
		{7B76E3EA-E372-4201-A6B1-A89351ECB594} = {4DA8A727-AF1E-4EFA-80AD-28004D3E528D}
		{2AC91732-D1A6-4356-9187-6A5C91299DF7} = {52B71B2F-64E6-4DCC-93A5-947000C321FF}
		{FC4ACEEE-CFCF-43AC-A056-F6F7197A424A} = {8C689B1C-E237-407B-8C03-F407D61B3694}
	EndGlobalSection
	GlobalSection(ExtensibilityGlobals) = postSolution
		SolutionGuid = {9D9105DC-5FDD-4891-9D6F-E1F0A0561A68}
	EndGlobalSection
EndGlobal
