
Microsoft Visual Studio Solution File, Format Version 12.00
# Visual Studio Version 17
VisualStudioVersion = 17.5.33312.197
MinimumVisualStudioVersion = 10.0.40219.1
Project("{9A19103F-16F7-4668-BE54-9A1E7A4F7556}") = "Crawler", "Crawler\Crawler.csproj", "{7B76E3EA-E372-4201-A6B1-A89351ECB594}"
EndProject
Project("{2150E333-8FDC-42A3-9474-1A3956D46DE8}") = "Ex1", "Ex1", "{4DA8A727-AF1E-4EFA-80AD-28004D3E528D}"
EndProject
Project("{2150E333-8FDC-42A3-9474-1A3956D46DE8}") = "Ex2", "Ex2", "{52B71B2F-64E6-4DCC-93A5-947000C321FF}"
EndProject
Project("{9A19103F-16F7-4668-BE54-9A1E7A4F7556}") = "CsvConverter", "CsvConverter\CsvConverter.csproj", "{2AC91732-D1A6-4356-9187-6A5C91299DF7}"
EndProject
Project("{2150E333-8FDC-42A3-9474-1A3956D46DE8}") = "Ex3", "Ex3", "{8C689B1C-E237-407B-8C03-F407D61B3694}"
EndProject
Project("{9A19103F-16F7-4668-BE54-9A1E7A4F7556}") = "StudentVisor", "StudentVisor\StudentVisor.csproj", "{FC4ACEEE-CFCF-43AC-A056-F6F7197A424A}"
EndProject
Project("{2150E333-8FDC-42A3-9474-1A3956D46DE8}") = "Ex4", "Ex4", "{77DC642D-49BE-41D9-B195-2EEA31641770}"
EndProject
Project("{2150E333-8FDC-42A3-9474-1A3956D46DE8}") = "Ex5", "Ex5", "{E0952E54-B5ED-404C-BA78-2B1C01BFD677}"
EndProject
Project("{2150E333-8FDC-42A3-9474-1A3956D46DE8}") = "Ex6", "Ex6", "{73F346B3-E565-44E4-84E6-24E5DA49E0A8}"
EndProject
Project("{2150E333-8FDC-42A3-9474-1A3956D46DE8}") = "Ex7", "Ex7", "{698DF29B-74BD-4D09-8EA6-843D3BDD5D06}"
EndProject
Project("{2150E333-8FDC-42A3-9474-1A3956D46DE8}") = "Ex8", "Ex8", "{5403BA3F-2359-4927-A6DD-89F168FFE019}"
EndProject
Project("{2150E333-8FDC-42A3-9474-1A3956D46DE8}") = "Ex9", "Ex9", "{B815982A-16DF-4DF0-B644-D003883A68BB}"
EndProject
Project("{2150E333-8FDC-42A3-9474-1A3956D46DE8}") = "Exe10", "Exe10", "{FEB24617-EDB5-4E87-A5F9-28E3ECEBC612}"
EndProject
Project("{2150E333-8FDC-42A3-9474-1A3956D46DE8}") = "Exe11", "Exe11", "{33F75CA5-976C-485C-8C02-8D92B5CE24D8}"
EndProject
Project("{2150E333-8FDC-42A3-9474-1A3956D46DE8}") = "Exe12", "Exe12", "{C8F487FC-DB4D-4585-9F05-4ABD736D3CE8}"
EndProject
Project("{9A19103F-16F7-4668-BE54-9A1E7A4F7556}") = "Animals", "Animals\Animals.csproj", "{ED703CCD-683D-432D-9444-164D6DDF196B}"
EndProject
Project("{9A19103F-16F7-4668-BE54-9A1E7A4F7556}") = "Warehouse", "Warehouse\Warehouse.csproj", "{3B4F1A5D-CF22-483E-8A3C-9EE8295851EA}"
EndProject
Project("{9A19103F-16F7-4668-BE54-9A1E7A4F7556}") = "LinqTutorials", "LinqTutorials\LinqTutorials.csproj", "{420AC249-3244-460A-B5AF-C188EFEB106E}"
EndProject
Project("{FAE04EC0-301F-11D3-BF4B-00C04F79EFBC}") = "TestLinqTutorials", "TestLinqTutorials\TestLinqTutorials.csproj", "{0EC4D6E6-227B-43E9-AD87-EE823F482811}"
EndProject
Global
	GlobalSection(SolutionConfigurationPlatforms) = preSolution
		Debug|Any CPU = Debug|Any CPU
		Release|Any CPU = Release|Any CPU
	EndGlobalSection
	GlobalSection(ProjectConfigurationPlatforms) = postSolution
		{7B76E3EA-E372-4201-A6B1-A89351ECB594}.Debug|Any CPU.ActiveCfg = Debug|Any CPU
		{7B76E3EA-E372-4201-A6B1-A89351ECB594}.Debug|Any CPU.Build.0 = Debug|Any CPU
		{7B76E3EA-E372-4201-A6B1-A89351ECB594}.Release|Any CPU.ActiveCfg = Release|Any CPU
		{7B76E3EA-E372-4201-A6B1-A89351ECB594}.Release|Any CPU.Build.0 = Release|Any CPU
		{2AC91732-D1A6-4356-9187-6A5C91299DF7}.Debug|Any CPU.ActiveCfg = Debug|Any CPU
		{2AC91732-D1A6-4356-9187-6A5C91299DF7}.Debug|Any CPU.Build.0 = Debug|Any CPU
		{2AC91732-D1A6-4356-9187-6A5C91299DF7}.Release|Any CPU.ActiveCfg = Release|Any CPU
		{2AC91732-D1A6-4356-9187-6A5C91299DF7}.Release|Any CPU.Build.0 = Release|Any CPU
		{FC4ACEEE-CFCF-43AC-A056-F6F7197A424A}.Debug|Any CPU.ActiveCfg = Debug|Any CPU
		{FC4ACEEE-CFCF-43AC-A056-F6F7197A424A}.Debug|Any CPU.Build.0 = Debug|Any CPU
		{FC4ACEEE-CFCF-43AC-A056-F6F7197A424A}.Release|Any CPU.ActiveCfg = Release|Any CPU
		{FC4ACEEE-CFCF-43AC-A056-F6F7197A424A}.Release|Any CPU.Build.0 = Release|Any CPU
		{ED703CCD-683D-432D-9444-164D6DDF196B}.Debug|Any CPU.ActiveCfg = Debug|Any CPU
		{ED703CCD-683D-432D-9444-164D6DDF196B}.Debug|Any CPU.Build.0 = Debug|Any CPU
		{ED703CCD-683D-432D-9444-164D6DDF196B}.Release|Any CPU.ActiveCfg = Release|Any CPU
		{ED703CCD-683D-432D-9444-164D6DDF196B}.Release|Any CPU.Build.0 = Release|Any CPU
		{3B4F1A5D-CF22-483E-8A3C-9EE8295851EA}.Debug|Any CPU.ActiveCfg = Debug|Any CPU
		{3B4F1A5D-CF22-483E-8A3C-9EE8295851EA}.Debug|Any CPU.Build.0 = Debug|Any CPU
		{3B4F1A5D-CF22-483E-8A3C-9EE8295851EA}.Release|Any CPU.ActiveCfg = Release|Any CPU
		{3B4F1A5D-CF22-483E-8A3C-9EE8295851EA}.Release|Any CPU.Build.0 = Release|Any CPU
		{420AC249-3244-460A-B5AF-C188EFEB106E}.Debug|Any CPU.ActiveCfg = Debug|Any CPU
		{420AC249-3244-460A-B5AF-C188EFEB106E}.Debug|Any CPU.Build.0 = Debug|Any CPU
		{420AC249-3244-460A-B5AF-C188EFEB106E}.Release|Any CPU.ActiveCfg = Release|Any CPU
		{420AC249-3244-460A-B5AF-C188EFEB106E}.Release|Any CPU.Build.0 = Release|Any CPU
		{0EC4D6E6-227B-43E9-AD87-EE823F482811}.Debug|Any CPU.ActiveCfg = Debug|Any CPU
		{0EC4D6E6-227B-43E9-AD87-EE823F482811}.Debug|Any CPU.Build.0 = Debug|Any CPU
		{0EC4D6E6-227B-43E9-AD87-EE823F482811}.Release|Any CPU.ActiveCfg = Release|Any CPU
		{0EC4D6E6-227B-43E9-AD87-EE823F482811}.Release|Any CPU.Build.0 = Release|Any CPU
	EndGlobalSection
	GlobalSection(SolutionProperties) = preSolution
		HideSolutionNode = FALSE
	EndGlobalSection
	GlobalSection(NestedProjects) = preSolution
		{7B76E3EA-E372-4201-A6B1-A89351ECB594} = {4DA8A727-AF1E-4EFA-80AD-28004D3E528D}
		{2AC91732-D1A6-4356-9187-6A5C91299DF7} = {52B71B2F-64E6-4DCC-93A5-947000C321FF}
		{FC4ACEEE-CFCF-43AC-A056-F6F7197A424A} = {8C689B1C-E237-407B-8C03-F407D61B3694}
		{ED703CCD-683D-432D-9444-164D6DDF196B} = {77DC642D-49BE-41D9-B195-2EEA31641770}
		{3B4F1A5D-CF22-483E-8A3C-9EE8295851EA} = {E0952E54-B5ED-404C-BA78-2B1C01BFD677}
		{420AC249-3244-460A-B5AF-C188EFEB106E} = {73F346B3-E565-44E4-84E6-24E5DA49E0A8}
		{0EC4D6E6-227B-43E9-AD87-EE823F482811} = {73F346B3-E565-44E4-84E6-24E5DA49E0A8}
	EndGlobalSection
	GlobalSection(ExtensibilityGlobals) = postSolution
		SolutionGuid = {9D9105DC-5FDD-4891-9D6F-E1F0A0561A68}
	EndGlobalSection
EndGlobal
